{
  "name": "GSAP",
  "lockfileVersion": 2,
  "requires": true,
  "packages": {
    "": {
      "dependencies": {
        "gsap": "npm:@gsap/shockingly@^3.11.3"
      }
    },
    "node_modules/gsap": {
      "name": "@gsap/shockingly",
      "version": "3.11.3",
      "resolved": "https://npm.greensock.com/@gsap%2fshockingly/-/shockingly-3.11.3.tgz",
      "integrity": "sha512-YG1xjWe8HP6IDA2UT98xcsEVLt+6vJB2joyiYbc1RJLvXHeft/FYqlUKM0uRMOBpK1GSn2Ziq2JCaJwyrDZQVg==",
      "license": "This package should only be used by individuals/companies with an active Club GreenSock membership (Shockingly Green or higher). See https://greensock.com/club/. Licensing: https://greensock.com/licensing/"
    }
  },
  "dependencies": {
    "gsap": {
      "version": "npm:@gsap/shockingly@3.11.3",
      "resolved": "https://npm.greensock.com/@gsap%2fshockingly/-/shockingly-3.11.3.tgz",
      "integrity": "sha512-YG1xjWe8HP6IDA2UT98xcsEVLt+6vJB2joyiYbc1RJLvXHeft/FYqlUKM0uRMOBpK1GSn2Ziq2JCaJwyrDZQVg=="
    }
  }
}
